
Microsoft Visual Studio Solution File, Format Version 12.00
# Visual Studio Version 16
VisualStudioVersion = 16.0.28729.10
MinimumVisualStudioVersion = 10.0.40219.1
Project("{2150E333-8FDC-42A3-9474-1A3956D46DE8}") = "build", "build", "{BEA62126-2DCB-4202-9B74-85F70B5F8866}"
	ProjectSection(SolutionItems) = preProject
		buildspec.yml = buildspec.yml
		buildspec_tests.yml = buildspec_tests.yml
		deploySamTemplate.ps1 = deploySamTemplate.ps1
		developers.json = developers.json
		samTemplate.yaml = samTemplate.yaml
		stage.json = stage.json
	EndProjectSection
EndProject
Project("{2150E333-8FDC-42A3-9474-1A3956D46DE8}") = "src", "src", "{46A0174F-076F-41B2-AF6C-D3D988675D65}"
EndProject
Project("{9A19103F-16F7-4668-BE54-9A1E7A4F7556}") = "Pecuniary.WebApi.AccountCommand", "src\Pecuniary.WebApi.AccountCommand\Pecuniary.WebApi.AccountCommand.csproj", "{99753B25-196D-44B6-A235-D268585A6D9C}"
EndProject
Project("{9A19103F-16F7-4668-BE54-9A1E7A4F7556}") = "Pecuniary.ViewModels", "src\Pecuniary.ViewModels\Pecuniary.ViewModels.csproj", "{CC7A2728-3A64-4E29-AE38-E9DF4A2722A6}"
EndProject
Project("{2150E333-8FDC-42A3-9474-1A3956D46DE8}") = "Global", "Global", "{313F10A2-F880-4142-9DD7-CD5CE9369FC4}"
EndProject
Project("{9A19103F-16F7-4668-BE54-9A1E7A4F7556}") = "Global.Common", "src\Global.Common\Global.Common.csproj", "{9CAAEE12-C149-4A6A-9858-416600B417D0}"
EndProject
Project("{2150E333-8FDC-42A3-9474-1A3956D46DE8}") = "Pecuniary", "Pecuniary", "{F0F91B04-B548-43F2-B796-64E6062CD7CD}"
EndProject
Project("{2150E333-8FDC-42A3-9474-1A3956D46DE8}") = "Pecuniary.Account", "Pecuniary.Account", "{E7B3B41F-1E32-4E67-9173-F887812B16B8}"
EndProject
Project("{9A19103F-16F7-4668-BE54-9A1E7A4F7556}") = "Logging.LambdaLogger", "src\Logging.LambdaLogger\Logging.LambdaLogger.csproj", "{9CF0E389-91C2-4E46-8926-E305E974BD6F}"
EndProject
Project("{9A19103F-16F7-4668-BE54-9A1E7A4F7556}") = "Pecuniary.Commands", "src\Pecuniary.Commands\Pecuniary.Commands.csproj", "{35C738CA-79DC-4F47-BC66-86712DADA744}"
EndProject
Project("{9A19103F-16F7-4668-BE54-9A1E7A4F7556}") = "Pecuniary.Events", "src\Pecuniary.Events\Pecuniary.Events.csproj", "{9DB771BC-A659-4416-86A5-44CCA5B57D1B}"
EndProject
Project("{9A19103F-16F7-4668-BE54-9A1E7A4F7556}") = "CQRS.Events.Repository", "src\CQRS.Events.Repository\CQRS.Events.Repository.csproj", "{4296C172-DBAF-4084-A497-F458792E887A}"
EndProject
Project("{9A19103F-16F7-4668-BE54-9A1E7A4F7556}") = "CQRS.Events.EventStore", "src\CQRS.Events.EventStore\CQRS.Events.EventStore.csproj", "{5623D27E-D69E-48E2-9708-C713BBB707AE}"
EndProject
Project("{9A19103F-16F7-4668-BE54-9A1E7A4F7556}") = "CQRS.Common", "src\CQRS.Common\CQRS.Common.csproj", "{E4D87F15-0BC1-492F-A509-B059E39DAF87}"
EndProject
Global
	GlobalSection(SolutionConfigurationPlatforms) = preSolution
		Debug|Any CPU = Debug|Any CPU
		Release|Any CPU = Release|Any CPU
	EndGlobalSection
	GlobalSection(ProjectConfigurationPlatforms) = postSolution
		{99753B25-196D-44B6-A235-D268585A6D9C}.Debug|Any CPU.ActiveCfg = Debug|Any CPU
		{99753B25-196D-44B6-A235-D268585A6D9C}.Debug|Any CPU.Build.0 = Debug|Any CPU
		{99753B25-196D-44B6-A235-D268585A6D9C}.Release|Any CPU.ActiveCfg = Release|Any CPU
		{99753B25-196D-44B6-A235-D268585A6D9C}.Release|Any CPU.Build.0 = Release|Any CPU
		{CC7A2728-3A64-4E29-AE38-E9DF4A2722A6}.Debug|Any CPU.ActiveCfg = Debug|Any CPU
		{CC7A2728-3A64-4E29-AE38-E9DF4A2722A6}.Debug|Any CPU.Build.0 = Debug|Any CPU
		{CC7A2728-3A64-4E29-AE38-E9DF4A2722A6}.Release|Any CPU.ActiveCfg = Release|Any CPU
		{CC7A2728-3A64-4E29-AE38-E9DF4A2722A6}.Release|Any CPU.Build.0 = Release|Any CPU
		{9CAAEE12-C149-4A6A-9858-416600B417D0}.Debug|Any CPU.ActiveCfg = Debug|Any CPU
		{9CAAEE12-C149-4A6A-9858-416600B417D0}.Debug|Any CPU.Build.0 = Debug|Any CPU
		{9CAAEE12-C149-4A6A-9858-416600B417D0}.Release|Any CPU.ActiveCfg = Release|Any CPU
		{9CAAEE12-C149-4A6A-9858-416600B417D0}.Release|Any CPU.Build.0 = Release|Any CPU
		{9CF0E389-91C2-4E46-8926-E305E974BD6F}.Debug|Any CPU.ActiveCfg = Debug|Any CPU
		{9CF0E389-91C2-4E46-8926-E305E974BD6F}.Debug|Any CPU.Build.0 = Debug|Any CPU
		{9CF0E389-91C2-4E46-8926-E305E974BD6F}.Release|Any CPU.ActiveCfg = Release|Any CPU
		{9CF0E389-91C2-4E46-8926-E305E974BD6F}.Release|Any CPU.Build.0 = Release|Any CPU
		{35C738CA-79DC-4F47-BC66-86712DADA744}.Debug|Any CPU.ActiveCfg = Debug|Any CPU
		{35C738CA-79DC-4F47-BC66-86712DADA744}.Debug|Any CPU.Build.0 = Debug|Any CPU
		{35C738CA-79DC-4F47-BC66-86712DADA744}.Release|Any CPU.ActiveCfg = Release|Any CPU
		{35C738CA-79DC-4F47-BC66-86712DADA744}.Release|Any CPU.Build.0 = Release|Any CPU
		{9DB771BC-A659-4416-86A5-44CCA5B57D1B}.Debug|Any CPU.ActiveCfg = Debug|Any CPU
		{9DB771BC-A659-4416-86A5-44CCA5B57D1B}.Debug|Any CPU.Build.0 = Debug|Any CPU
		{9DB771BC-A659-4416-86A5-44CCA5B57D1B}.Release|Any CPU.ActiveCfg = Release|Any CPU
		{9DB771BC-A659-4416-86A5-44CCA5B57D1B}.Release|Any CPU.Build.0 = Release|Any CPU
		{4296C172-DBAF-4084-A497-F458792E887A}.Debug|Any CPU.ActiveCfg = Debug|Any CPU
		{4296C172-DBAF-4084-A497-F458792E887A}.Debug|Any CPU.Build.0 = Debug|Any CPU
		{4296C172-DBAF-4084-A497-F458792E887A}.Release|Any CPU.ActiveCfg = Release|Any CPU
		{4296C172-DBAF-4084-A497-F458792E887A}.Release|Any CPU.Build.0 = Release|Any CPU
		{5623D27E-D69E-48E2-9708-C713BBB707AE}.Debug|Any CPU.ActiveCfg = Debug|Any CPU
		{5623D27E-D69E-48E2-9708-C713BBB707AE}.Debug|Any CPU.Build.0 = Debug|Any CPU
		{5623D27E-D69E-48E2-9708-C713BBB707AE}.Release|Any CPU.ActiveCfg = Release|Any CPU
		{5623D27E-D69E-48E2-9708-C713BBB707AE}.Release|Any CPU.Build.0 = Release|Any CPU
		{E4D87F15-0BC1-492F-A509-B059E39DAF87}.Debug|Any CPU.ActiveCfg = Debug|Any CPU
		{E4D87F15-0BC1-492F-A509-B059E39DAF87}.Debug|Any CPU.Build.0 = Debug|Any CPU
		{E4D87F15-0BC1-492F-A509-B059E39DAF87}.Release|Any CPU.ActiveCfg = Release|Any CPU
		{E4D87F15-0BC1-492F-A509-B059E39DAF87}.Release|Any CPU.Build.0 = Release|Any CPU
	EndGlobalSection
	GlobalSection(SolutionProperties) = preSolution
		HideSolutionNode = FALSE
	EndGlobalSection
	GlobalSection(NestedProjects) = preSolution
		{99753B25-196D-44B6-A235-D268585A6D9C} = {E7B3B41F-1E32-4E67-9173-F887812B16B8}
		{CC7A2728-3A64-4E29-AE38-E9DF4A2722A6} = {F0F91B04-B548-43F2-B796-64E6062CD7CD}
		{313F10A2-F880-4142-9DD7-CD5CE9369FC4} = {46A0174F-076F-41B2-AF6C-D3D988675D65}
		{9CAAEE12-C149-4A6A-9858-416600B417D0} = {313F10A2-F880-4142-9DD7-CD5CE9369FC4}
		{F0F91B04-B548-43F2-B796-64E6062CD7CD} = {46A0174F-076F-41B2-AF6C-D3D988675D65}
		{E7B3B41F-1E32-4E67-9173-F887812B16B8} = {46A0174F-076F-41B2-AF6C-D3D988675D65}
		{9CF0E389-91C2-4E46-8926-E305E974BD6F} = {313F10A2-F880-4142-9DD7-CD5CE9369FC4}
		{35C738CA-79DC-4F47-BC66-86712DADA744} = {F0F91B04-B548-43F2-B796-64E6062CD7CD}
		{9DB771BC-A659-4416-86A5-44CCA5B57D1B} = {F0F91B04-B548-43F2-B796-64E6062CD7CD}
		{4296C172-DBAF-4084-A497-F458792E887A} = {313F10A2-F880-4142-9DD7-CD5CE9369FC4}
		{5623D27E-D69E-48E2-9708-C713BBB707AE} = {313F10A2-F880-4142-9DD7-CD5CE9369FC4}
		{E4D87F15-0BC1-492F-A509-B059E39DAF87} = {313F10A2-F880-4142-9DD7-CD5CE9369FC4}
	EndGlobalSection
	GlobalSection(ExtensibilityGlobals) = postSolution
		SolutionGuid = {7C788432-C078-4C2E-8978-B450990CA689}
	EndGlobalSection
EndGlobal
