
Microsoft Visual Studio Solution File, Format Version 12.00
# Visual Studio Version 16
VisualStudioVersion = 16.0.28729.10
MinimumVisualStudioVersion = 10.0.40219.1
Project("{2150E333-8FDC-42A3-9474-1A3956D46DE8}") = "build", "build", "{BEA62126-2DCB-4202-9B74-85F70B5F8866}"
	ProjectSection(SolutionItems) = preProject
		buildspec.yml = buildspec.yml
		buildspec_tests.yml = buildspec_tests.yml
		deploySamTemplate.ps1 = deploySamTemplate.ps1
		developers.json = developers.json
		samTemplate.yaml = samTemplate.yaml
		stage.json = stage.json
	EndProjectSection
EndProject
Project("{2150E333-8FDC-42A3-9474-1A3956D46DE8}") = "src", "src", "{46A0174F-076F-41B2-AF6C-D3D988675D65}"
EndProject
Project("{9A19103F-16F7-4668-BE54-9A1E7A4F7556}") = "Pecuniary.Account.Command", "src\Pecuniary.Account.Command\Pecuniary.Account.Command.csproj", "{99753B25-196D-44B6-A235-D268585A6D9C}"
EndProject
Project("{9A19103F-16F7-4668-BE54-9A1E7A4F7556}") = "Pecuniary.Account.Data", "src\Pecuniary.Account.Data\Pecuniary.Account.Data.csproj", "{CC7A2728-3A64-4E29-AE38-E9DF4A2722A6}"
EndProject
Project("{2150E333-8FDC-42A3-9474-1A3956D46DE8}") = "Nuget", "Nuget", "{313F10A2-F880-4142-9DD7-CD5CE9369FC4}"
EndProject
Project("{9A19103F-16F7-4668-BE54-9A1E7A4F7556}") = "EricBach.DependencyInjection", "src\EricBach.DependencyInjection\EricBach.DependencyInjection.csproj", "{9CAAEE12-C149-4A6A-9858-416600B417D0}"
EndProject
Project("{9A19103F-16F7-4668-BE54-9A1E7A4F7556}") = "EricBach.CQRS.Repository", "src\EricBach.CQRS.Repository\EricBach.CQRS.Repository.csproj", "{4296C172-DBAF-4084-A497-F458792E887A}"
EndProject
Project("{9A19103F-16F7-4668-BE54-9A1E7A4F7556}") = "EricBach.CQRS.EventStore", "src\EricBach.CQRS.EventStore\EricBach.CQRS.EventStore.csproj", "{5623D27E-D69E-48E2-9708-C713BBB707AE}"
EndProject
Project("{9A19103F-16F7-4668-BE54-9A1E7A4F7556}") = "EricBach.CQRS", "src\EricBach.CQRS\EricBach.CQRS.csproj", "{6127768E-FB6E-4859-B1AB-82ABA65A7A5C}"
EndProject
Global
	GlobalSection(SolutionConfigurationPlatforms) = preSolution
		Debug|Any CPU = Debug|Any CPU
		Release|Any CPU = Release|Any CPU
	EndGlobalSection
	GlobalSection(ProjectConfigurationPlatforms) = postSolution
		{99753B25-196D-44B6-A235-D268585A6D9C}.Debug|Any CPU.ActiveCfg = Debug|Any CPU
		{99753B25-196D-44B6-A235-D268585A6D9C}.Debug|Any CPU.Build.0 = Debug|Any CPU
		{99753B25-196D-44B6-A235-D268585A6D9C}.Release|Any CPU.ActiveCfg = Release|Any CPU
		{99753B25-196D-44B6-A235-D268585A6D9C}.Release|Any CPU.Build.0 = Release|Any CPU
		{CC7A2728-3A64-4E29-AE38-E9DF4A2722A6}.Debug|Any CPU.ActiveCfg = Debug|Any CPU
		{CC7A2728-3A64-4E29-AE38-E9DF4A2722A6}.Debug|Any CPU.Build.0 = Debug|Any CPU
		{CC7A2728-3A64-4E29-AE38-E9DF4A2722A6}.Release|Any CPU.ActiveCfg = Release|Any CPU
		{CC7A2728-3A64-4E29-AE38-E9DF4A2722A6}.Release|Any CPU.Build.0 = Release|Any CPU
		{9CAAEE12-C149-4A6A-9858-416600B417D0}.Debug|Any CPU.ActiveCfg = Debug|Any CPU
		{9CAAEE12-C149-4A6A-9858-416600B417D0}.Debug|Any CPU.Build.0 = Debug|Any CPU
		{9CAAEE12-C149-4A6A-9858-416600B417D0}.Release|Any CPU.ActiveCfg = Release|Any CPU
		{9CAAEE12-C149-4A6A-9858-416600B417D0}.Release|Any CPU.Build.0 = Release|Any CPU
		{4296C172-DBAF-4084-A497-F458792E887A}.Debug|Any CPU.ActiveCfg = Debug|Any CPU
		{4296C172-DBAF-4084-A497-F458792E887A}.Debug|Any CPU.Build.0 = Debug|Any CPU
		{4296C172-DBAF-4084-A497-F458792E887A}.Release|Any CPU.ActiveCfg = Release|Any CPU
		{4296C172-DBAF-4084-A497-F458792E887A}.Release|Any CPU.Build.0 = Release|Any CPU
		{5623D27E-D69E-48E2-9708-C713BBB707AE}.Debug|Any CPU.ActiveCfg = Debug|Any CPU
		{5623D27E-D69E-48E2-9708-C713BBB707AE}.Debug|Any CPU.Build.0 = Debug|Any CPU
		{5623D27E-D69E-48E2-9708-C713BBB707AE}.Release|Any CPU.ActiveCfg = Release|Any CPU
		{5623D27E-D69E-48E2-9708-C713BBB707AE}.Release|Any CPU.Build.0 = Release|Any CPU
		{6127768E-FB6E-4859-B1AB-82ABA65A7A5C}.Debug|Any CPU.ActiveCfg = Debug|Any CPU
		{6127768E-FB6E-4859-B1AB-82ABA65A7A5C}.Debug|Any CPU.Build.0 = Debug|Any CPU
		{6127768E-FB6E-4859-B1AB-82ABA65A7A5C}.Release|Any CPU.ActiveCfg = Release|Any CPU
		{6127768E-FB6E-4859-B1AB-82ABA65A7A5C}.Release|Any CPU.Build.0 = Release|Any CPU
	EndGlobalSection
	GlobalSection(SolutionProperties) = preSolution
		HideSolutionNode = FALSE
	EndGlobalSection
	GlobalSection(NestedProjects) = preSolution
		{99753B25-196D-44B6-A235-D268585A6D9C} = {46A0174F-076F-41B2-AF6C-D3D988675D65}
		{CC7A2728-3A64-4E29-AE38-E9DF4A2722A6} = {46A0174F-076F-41B2-AF6C-D3D988675D65}
		{313F10A2-F880-4142-9DD7-CD5CE9369FC4} = {46A0174F-076F-41B2-AF6C-D3D988675D65}
		{9CAAEE12-C149-4A6A-9858-416600B417D0} = {313F10A2-F880-4142-9DD7-CD5CE9369FC4}
		{4296C172-DBAF-4084-A497-F458792E887A} = {313F10A2-F880-4142-9DD7-CD5CE9369FC4}
		{5623D27E-D69E-48E2-9708-C713BBB707AE} = {313F10A2-F880-4142-9DD7-CD5CE9369FC4}
		{6127768E-FB6E-4859-B1AB-82ABA65A7A5C} = {313F10A2-F880-4142-9DD7-CD5CE9369FC4}
	EndGlobalSection
	GlobalSection(ExtensibilityGlobals) = postSolution
		SolutionGuid = {7C788432-C078-4C2E-8978-B450990CA689}
	EndGlobalSection
EndGlobal
